
Microsoft Visual Studio Solution File, Format Version 12.00
# Visual Studio Version 17
VisualStudioVersion = 17.5.33424.131
MinimumVisualStudioVersion = 10.0.40219.1
Project("{FAE04EC0-301F-11D3-BF4B-00C04F79EFBC}") = "AS2223_4G_INF_PicariDaniel_API", "AS2223_4G_INF_PicariDaniel_API\AS2223_4G_INF_PicariDaniel_API.csproj", "{A33B84A2-B240-4F97-A5A0-F9FE39CEAA91}"
EndProject
Global
	GlobalSection(SolutionConfigurationPlatforms) = preSolution
		Debug|Any CPU = Debug|Any CPU
		Release|Any CPU = Release|Any CPU
	EndGlobalSection
	GlobalSection(ProjectConfigurationPlatforms) = postSolution
		{A33B84A2-B240-4F97-A5A0-F9FE39CEAA91}.Debug|Any CPU.ActiveCfg = Debug|Any CPU
		{A33B84A2-B240-4F97-A5A0-F9FE39CEAA91}.Debug|Any CPU.Build.0 = Debug|Any CPU
		{A33B84A2-B240-4F97-A5A0-F9FE39CEAA91}.Release|Any CPU.ActiveCfg = Release|Any CPU
		{A33B84A2-B240-4F97-A5A0-F9FE39CEAA91}.Release|Any CPU.Build.0 = Release|Any CPU
	EndGlobalSection
	GlobalSection(SolutionProperties) = preSolution
		HideSolutionNode = FALSE
	EndGlobalSection
	GlobalSection(ExtensibilityGlobals) = postSolution
		SolutionGuid = {5C51A406-7CEA-49AA-9438-F659A8257ACD}
	EndGlobalSection
EndGlobal
